// !$*UTF8*$!
{
	archiveVersion = 1;
	classes = {
	};
	objectVersion = 50;
	objects = {

/* Begin PBXBuildFile section */
		0C187677255F63E400C4AC1F /* PeoplePopper.swift in Sources */ = {isa = PBXBuildFile; fileRef = 0C187675255F63E400C4AC1F /* PeoplePopper.swift */; };
		0C187679255F63E400C4AC1F /* PeoplePopper.sks in Resources */ = {isa = PBXBuildFile; fileRef = 0C187676255F63E400C4AC1F /* PeoplePopper.sks */; };
		0C18767A255F63E400C4AC1F /* PeoplePopper.sks in Resources */ = {isa = PBXBuildFile; fileRef = 0C187676255F63E400C4AC1F /* PeoplePopper.sks */; };
		0C486C112560AF9B00A5597F /* Constants.swift in Sources */ = {isa = PBXBuildFile; fileRef = 0C486C102560AF9B00A5597F /* Constants.swift */; };
		0C486C122560AF9B00A5597F /* Constants.swift in Sources */ = {isa = PBXBuildFile; fileRef = 0C486C102560AF9B00A5597F /* Constants.swift */; };
		0CA1122E25603214007F685C /* ResourcesManagement.swift in Sources */ = {isa = PBXBuildFile; fileRef = 0CA1122D25603214007F685C /* ResourcesManagement.swift */; };
		0CA1122F25603214007F685C /* ResourcesManagement.swift in Sources */ = {isa = PBXBuildFile; fileRef = 0CA1122D25603214007F685C /* ResourcesManagement.swift */; };
		0CD6ACB02560630C000AC3B8 /* MissionSheet.sks in Resources */ = {isa = PBXBuildFile; fileRef = 0CD6ACAF2560630C000AC3B8 /* MissionSheet.sks */; };
		0CD6ACB12560630C000AC3B8 /* MissionSheet.sks in Resources */ = {isa = PBXBuildFile; fileRef = 0CD6ACAF2560630C000AC3B8 /* MissionSheet.sks */; };
		0CD6ACB52560634D000AC3B8 /* MissionSheet.swift in Sources */ = {isa = PBXBuildFile; fileRef = 0CD6ACB42560634D000AC3B8 /* MissionSheet.swift */; };
		0CD6ACB62560634D000AC3B8 /* MissionSheet.swift in Sources */ = {isa = PBXBuildFile; fileRef = 0CD6ACB42560634D000AC3B8 /* MissionSheet.swift */; };
		0CD6ACBE2560824A000AC3B8 /* Texts.strings in Resources */ = {isa = PBXBuildFile; fileRef = 0CD6ACC12560824A000AC3B8 /* Texts.strings */; };
		0CD6ACBF2560824A000AC3B8 /* Texts.strings in Resources */ = {isa = PBXBuildFile; fileRef = 0CD6ACC12560824A000AC3B8 /* Texts.strings */; };
		0CD6ACD125608929000AC3B8 /* Boutique.swift in Sources */ = {isa = PBXBuildFile; fileRef = 0CD6ACD025608929000AC3B8 /* Boutique.swift */; };
		0CD6ACD225608929000AC3B8 /* Boutique.swift in Sources */ = {isa = PBXBuildFile; fileRef = 0CD6ACD025608929000AC3B8 /* Boutique.swift */; };
		8F522BB4255F234000C58B5E /* AppDelegate.swift in Sources */ = {isa = PBXBuildFile; fileRef = 8F522BB3255F234000C58B5E /* AppDelegate.swift */; };
		8F522BB6255F234000C58B5E /* GameViewController.swift in Sources */ = {isa = PBXBuildFile; fileRef = 8F522BB5255F234000C58B5E /* GameViewController.swift */; };
		8F522BB9255F234000C58B5E /* Main.storyboard in Resources */ = {isa = PBXBuildFile; fileRef = 8F522BB7255F234000C58B5E /* Main.storyboard */; };
		8F522BBC255F234000C58B5E /* LaunchScreen.storyboard in Resources */ = {isa = PBXBuildFile; fileRef = 8F522BBA255F234000C58B5E /* LaunchScreen.storyboard */; };
		8F522BC5255F234000C58B5E /* AppDelegate.swift in Sources */ = {isa = PBXBuildFile; fileRef = 8F522BC4255F234000C58B5E /* AppDelegate.swift */; };
		8F522BC7255F234000C58B5E /* GameViewController.swift in Sources */ = {isa = PBXBuildFile; fileRef = 8F522BC6255F234000C58B5E /* GameViewController.swift */; };
		8F522BCA255F234000C58B5E /* Main.storyboard in Resources */ = {isa = PBXBuildFile; fileRef = 8F522BC8255F234000C58B5E /* Main.storyboard */; };
		8F522BCF255F234000C58B5E /* SplashScreenScene.sks in Resources */ = {isa = PBXBuildFile; fileRef = 8F522BA9255F233F00C58B5E /* SplashScreenScene.sks */; };
		8F522BD0255F234000C58B5E /* SplashScreenScene.sks in Resources */ = {isa = PBXBuildFile; fileRef = 8F522BA9255F233F00C58B5E /* SplashScreenScene.sks */; };
		8F522BD1255F234000C58B5E /* SplashScreenScene.swift in Sources */ = {isa = PBXBuildFile; fileRef = 8F522BAA255F233F00C58B5E /* SplashScreenScene.swift */; };
		8F522BD2255F234000C58B5E /* SplashScreenScene.swift in Sources */ = {isa = PBXBuildFile; fileRef = 8F522BAA255F233F00C58B5E /* SplashScreenScene.swift */; };
		8F522BD3255F234000C58B5E /* Assets.xcassets in Resources */ = {isa = PBXBuildFile; fileRef = 8F522BAB255F234000C58B5E /* Assets.xcassets */; };
		8F522BD4255F234000C58B5E /* Assets.xcassets in Resources */ = {isa = PBXBuildFile; fileRef = 8F522BAB255F234000C58B5E /* Assets.xcassets */; };
		8F522BE2255F23C000C58B5E /* ExpBoutiqueScene.swift in Sources */ = {isa = PBXBuildFile; fileRef = 8F522BE1255F23C000C58B5E /* ExpBoutiqueScene.swift */; };
		8F522BE3255F23C000C58B5E /* ExpBoutiqueScene.swift in Sources */ = {isa = PBXBuildFile; fileRef = 8F522BE1255F23C000C58B5E /* ExpBoutiqueScene.swift */; };
		8F522BE9255F23F000C58B5E /* ExpBoutiqueScene.sks in Resources */ = {isa = PBXBuildFile; fileRef = 8F522BE8255F23F000C58B5E /* ExpBoutiqueScene.sks */; };
		8F522BEA255F23F000C58B5E /* ExpBoutiqueScene.sks in Resources */ = {isa = PBXBuildFile; fileRef = 8F522BE8255F23F000C58B5E /* ExpBoutiqueScene.sks */; };
		8F522BF0255F2A4100C58B5E /* SKScene+Extensions.swift in Sources */ = {isa = PBXBuildFile; fileRef = 8F522BEF255F2A4100C58B5E /* SKScene+Extensions.swift */; };
		8F522BF1255F2A4100C58B5E /* SKScene+Extensions.swift in Sources */ = {isa = PBXBuildFile; fileRef = 8F522BEF255F2A4100C58B5E /* SKScene+Extensions.swift */; };
		8F522BF6255F36DD00C58B5E /* CreditsScene.sks in Resources */ = {isa = PBXBuildFile; fileRef = 8F522BF5255F36DD00C58B5E /* CreditsScene.sks */; };
		8F522BF7255F36DD00C58B5E /* CreditsScene.sks in Resources */ = {isa = PBXBuildFile; fileRef = 8F522BF5255F36DD00C58B5E /* CreditsScene.sks */; };
		8F522BFB255F36E700C58B5E /* CreditsScene.swift in Sources */ = {isa = PBXBuildFile; fileRef = 8F522BFA255F36E700C58B5E /* CreditsScene.swift */; };
		8F522BFC255F36E700C58B5E /* CreditsScene.swift in Sources */ = {isa = PBXBuildFile; fileRef = 8F522BFA255F36E700C58B5E /* CreditsScene.swift */; };
		8F522C22255FC0C600C58B5E /* LaboScene.sks in Resources */ = {isa = PBXBuildFile; fileRef = 8F522C21255FC0C600C58B5E /* LaboScene.sks */; };
		8F522C23255FC0C600C58B5E /* LaboScene.sks in Resources */ = {isa = PBXBuildFile; fileRef = 8F522C21255FC0C600C58B5E /* LaboScene.sks */; };
		8F522C27255FC0D100C58B5E /* LaboScene.swift in Sources */ = {isa = PBXBuildFile; fileRef = 8F522C26255FC0D100C58B5E /* LaboScene.swift */; };
		8F522C28255FC0D100C58B5E /* LaboScene.swift in Sources */ = {isa = PBXBuildFile; fileRef = 8F522C26255FC0D100C58B5E /* LaboScene.swift */; };
		8F522C37255FC54000C58B5E /* Conveyor.swift in Sources */ = {isa = PBXBuildFile; fileRef = 8F522C36255FC54000C58B5E /* Conveyor.swift */; };
		8F522C38255FC54000C58B5E /* Conveyor.swift in Sources */ = {isa = PBXBuildFile; fileRef = 8F522C36255FC54000C58B5E /* Conveyor.swift */; };
		8F522C40255FC84600C58B5E /* Conveyor+SpriteKit.swift in Sources */ = {isa = PBXBuildFile; fileRef = 8F522C3F255FC84600C58B5E /* Conveyor+SpriteKit.swift */; };
		8F522C41255FC84600C58B5E /* Conveyor+SpriteKit.swift in Sources */ = {isa = PBXBuildFile; fileRef = 8F522C3F255FC84600C58B5E /* Conveyor+SpriteKit.swift */; };
		8F522C492560016600C58B5E /* ParcelNode.swift in Sources */ = {isa = PBXBuildFile; fileRef = 8F522C482560016600C58B5E /* ParcelNode.swift */; };
		8F522C4A2560016600C58B5E /* ParcelNode.swift in Sources */ = {isa = PBXBuildFile; fileRef = 8F522C482560016600C58B5E /* ParcelNode.swift */; };
		8F522C4F25600C7D00C58B5E /* MagicParticle.sks in Resources */ = {isa = PBXBuildFile; fileRef = 8F522C4D25600C7D00C58B5E /* MagicParticle.sks */; };
		8F522C5025600C7D00C58B5E /* MagicParticle.sks in Resources */ = {isa = PBXBuildFile; fileRef = 8F522C4D25600C7D00C58B5E /* MagicParticle.sks */; };
		8F522C5125600C7D00C58B5E /* Assets.xcassets in Resources */ = {isa = PBXBuildFile; fileRef = 8F522C4E25600C7D00C58B5E /* Assets.xcassets */; };
		8F522C5225600C7D00C58B5E /* Assets.xcassets in Resources */ = {isa = PBXBuildFile; fileRef = 8F522C4E25600C7D00C58B5E /* Assets.xcassets */; };
		8F522C5625600EEF00C58B5E /* TargetMode.swift in Sources */ = {isa = PBXBuildFile; fileRef = 8F522C5525600EEF00C58B5E /* TargetMode.swift */; };
		8F522C5725600EEF00C58B5E /* TargetMode.swift in Sources */ = {isa = PBXBuildFile; fileRef = 8F522C5525600EEF00C58B5E /* TargetMode.swift */; };
		8F522C6825601ABE00C58B5E /* PeoplePopper.swift in Sources */ = {isa = PBXBuildFile; fileRef = 0C187675255F63E400C4AC1F /* PeoplePopper.swift */; };
		8F522C7225601C1B00C58B5E /* street_sounds.wav in Resources */ = {isa = PBXBuildFile; fileRef = 8F522C6F25601C1B00C58B5E /* street_sounds.wav */; };
		8F522C7325601C1B00C58B5E /* street_sounds.wav in Resources */ = {isa = PBXBuildFile; fileRef = 8F522C6F25601C1B00C58B5E /* street_sounds.wav */; };
		8F522C8625601DC300C58B5E /* rue paris.wav in Resources */ = {isa = PBXBuildFile; fileRef = 8F522C8525601DC300C58B5E /* rue paris.wav */; };
		8F522C8725601DC300C58B5E /* rue paris.wav in Resources */ = {isa = PBXBuildFile; fileRef = 8F522C8525601DC300C58B5E /* rue paris.wav */; };
		8F8494F0256021BF004E579C /* MoneyParticle.sks in Resources */ = {isa = PBXBuildFile; fileRef = 8F8494EF256021BF004E579C /* MoneyParticle.sks */; };
		8F8494F1256021BF004E579C /* MoneyParticle.sks in Resources */ = {isa = PBXBuildFile; fileRef = 8F8494EF256021BF004E579C /* MoneyParticle.sks */; };
		8F8494FB2560250D004E579C /* BloodParticle.sks in Resources */ = {isa = PBXBuildFile; fileRef = 8F8494FA2560250C004E579C /* BloodParticle.sks */; };
		8F8494FC2560250D004E579C /* BloodParticle.sks in Resources */ = {isa = PBXBuildFile; fileRef = 8F8494FA2560250C004E579C /* BloodParticle.sks */; };
		8FCF702B2560A0540075EE68 /* Score.swift in Sources */ = {isa = PBXBuildFile; fileRef = 8FCF702A2560A0540075EE68 /* Score.swift */; };
		8FCF702C2560A0540075EE68 /* Score.swift in Sources */ = {isa = PBXBuildFile; fileRef = 8FCF702A2560A0540075EE68 /* Score.swift */; };
		8FCF70442560BA810075EE68 /* piano-2.mp3 in Resources */ = {isa = PBXBuildFile; fileRef = 8FCF70432560BA810075EE68 /* piano-2.mp3 */; };
		8FCF70452560BA810075EE68 /* piano-2.mp3 in Resources */ = {isa = PBXBuildFile; fileRef = 8FCF70432560BA810075EE68 /* piano-2.mp3 */; };
		8FCF70492560BA880075EE68 /* piano-1.mp3 in Resources */ = {isa = PBXBuildFile; fileRef = 8FCF70482560BA880075EE68 /* piano-1.mp3 */; };
		8FCF704A2560BA880075EE68 /* piano-1.mp3 in Resources */ = {isa = PBXBuildFile; fileRef = 8FCF70482560BA880075EE68 /* piano-1.mp3 */; };
		8FCF70502560C0400075EE68 /* broken gasss.wav in Resources */ = {isa = PBXBuildFile; fileRef = 8FCF704F2560C0400075EE68 /* broken gasss.wav */; };
		8FCF70512560C0400075EE68 /* broken gasss.wav in Resources */ = {isa = PBXBuildFile; fileRef = 8FCF704F2560C0400075EE68 /* broken gasss.wav */; };
		8FCF70552560C1870075EE68 /* bag fall 1.wav in Resources */ = {isa = PBXBuildFile; fileRef = 8FCF70542560C1870075EE68 /* bag fall 1.wav */; };
		8FCF70562560C1870075EE68 /* bag fall 1.wav in Resources */ = {isa = PBXBuildFile; fileRef = 8FCF70542560C1870075EE68 /* bag fall 1.wav */; };
		8FCF705A2560C2DC0075EE68 /* pause-convoyeur.wav in Resources */ = {isa = PBXBuildFile; fileRef = 8FCF70592560C2DC0075EE68 /* pause-convoyeur.wav */; };
		8FCF705B2560C2DC0075EE68 /* pause-convoyeur.wav in Resources */ = {isa = PBXBuildFile; fileRef = 8FCF70592560C2DC0075EE68 /* pause-convoyeur.wav */; };
		8FCF705F2560C3500075EE68 /* bood fall 2.wav in Resources */ = {isa = PBXBuildFile; fileRef = 8FCF705E2560C3500075EE68 /* bood fall 2.wav */; };
		8FCF70602560C3500075EE68 /* bood fall 2.wav in Resources */ = {isa = PBXBuildFile; fileRef = 8FCF705E2560C3500075EE68 /* bood fall 2.wav */; };
/* End PBXBuildFile section */

/* Begin PBXFileReference section */
		0C187675255F63E400C4AC1F /* PeoplePopper.swift */ = {isa = PBXFileReference; fileEncoding = 4; lastKnownFileType = sourcecode.swift; path = PeoplePopper.swift; sourceTree = "<group>"; };
		0C187676255F63E400C4AC1F /* PeoplePopper.sks */ = {isa = PBXFileReference; lastKnownFileType = file.sks; path = PeoplePopper.sks; sourceTree = "<group>"; };
		0C486C102560AF9B00A5597F /* Constants.swift */ = {isa = PBXFileReference; lastKnownFileType = sourcecode.swift; path = Constants.swift; sourceTree = "<group>"; };
		0CA1122D25603214007F685C /* ResourcesManagement.swift */ = {isa = PBXFileReference; lastKnownFileType = sourcecode.swift; path = ResourcesManagement.swift; sourceTree = "<group>"; };
		0CD6ACAF2560630C000AC3B8 /* MissionSheet.sks */ = {isa = PBXFileReference; lastKnownFileType = file.sks; path = MissionSheet.sks; sourceTree = "<group>"; };
		0CD6ACB42560634D000AC3B8 /* MissionSheet.swift */ = {isa = PBXFileReference; lastKnownFileType = sourcecode.swift; path = MissionSheet.swift; sourceTree = "<group>"; };
		0CD6ACC02560824A000AC3B8 /* en */ = {isa = PBXFileReference; fileEncoding = 4; lastKnownFileType = text.plist.strings; name = en; path = en.lproj/Texts.strings; sourceTree = "<group>"; usesTabs = 0; };
		0CD6ACD025608929000AC3B8 /* Boutique.swift */ = {isa = PBXFileReference; lastKnownFileType = sourcecode.swift; path = Boutique.swift; sourceTree = "<group>"; };
		8F522BA9255F233F00C58B5E /* SplashScreenScene.sks */ = {isa = PBXFileReference; lastKnownFileType = file.sks; path = SplashScreenScene.sks; sourceTree = "<group>"; };
		8F522BAA255F233F00C58B5E /* SplashScreenScene.swift */ = {isa = PBXFileReference; lastKnownFileType = sourcecode.swift; path = SplashScreenScene.swift; sourceTree = "<group>"; };
		8F522BAB255F234000C58B5E /* Assets.xcassets */ = {isa = PBXFileReference; lastKnownFileType = folder.assetcatalog; path = Assets.xcassets; sourceTree = "<group>"; };
		8F522BB0255F234000C58B5E /* BomBomDev.app */ = {isa = PBXFileReference; explicitFileType = wrapper.application; includeInIndex = 0; path = BomBomDev.app; sourceTree = BUILT_PRODUCTS_DIR; };
		8F522BB3255F234000C58B5E /* AppDelegate.swift */ = {isa = PBXFileReference; lastKnownFileType = sourcecode.swift; path = AppDelegate.swift; sourceTree = "<group>"; };
		8F522BB5255F234000C58B5E /* GameViewController.swift */ = {isa = PBXFileReference; lastKnownFileType = sourcecode.swift; path = GameViewController.swift; sourceTree = "<group>"; };
		8F522BB8255F234000C58B5E /* Base */ = {isa = PBXFileReference; lastKnownFileType = file.storyboard; name = Base; path = Base.lproj/Main.storyboard; sourceTree = "<group>"; };
		8F522BBB255F234000C58B5E /* Base */ = {isa = PBXFileReference; lastKnownFileType = file.storyboard; name = Base; path = Base.lproj/LaunchScreen.storyboard; sourceTree = "<group>"; };
		8F522BBD255F234000C58B5E /* Info.plist */ = {isa = PBXFileReference; lastKnownFileType = text.plist.xml; path = Info.plist; sourceTree = "<group>"; };
		8F522BC2255F234000C58B5E /* BomBomDev.app */ = {isa = PBXFileReference; explicitFileType = wrapper.application; includeInIndex = 0; path = BomBomDev.app; sourceTree = BUILT_PRODUCTS_DIR; };
		8F522BC4255F234000C58B5E /* AppDelegate.swift */ = {isa = PBXFileReference; lastKnownFileType = sourcecode.swift; path = AppDelegate.swift; sourceTree = "<group>"; };
		8F522BC6255F234000C58B5E /* GameViewController.swift */ = {isa = PBXFileReference; lastKnownFileType = sourcecode.swift; path = GameViewController.swift; sourceTree = "<group>"; };
		8F522BC9255F234000C58B5E /* Base */ = {isa = PBXFileReference; lastKnownFileType = file.storyboard; name = Base; path = Base.lproj/Main.storyboard; sourceTree = "<group>"; };
		8F522BCB255F234000C58B5E /* Info.plist */ = {isa = PBXFileReference; lastKnownFileType = text.plist.xml; path = Info.plist; sourceTree = "<group>"; };
		8F522BCC255F234000C58B5E /* BomBomDev_macOS.entitlements */ = {isa = PBXFileReference; lastKnownFileType = text.plist.entitlements; path = BomBomDev_macOS.entitlements; sourceTree = "<group>"; };
		8F522BE1255F23C000C58B5E /* ExpBoutiqueScene.swift */ = {isa = PBXFileReference; lastKnownFileType = sourcecode.swift; path = ExpBoutiqueScene.swift; sourceTree = "<group>"; };
		8F522BE8255F23F000C58B5E /* ExpBoutiqueScene.sks */ = {isa = PBXFileReference; lastKnownFileType = file.sks; path = ExpBoutiqueScene.sks; sourceTree = "<group>"; };
		8F522BEF255F2A4100C58B5E /* SKScene+Extensions.swift */ = {isa = PBXFileReference; lastKnownFileType = sourcecode.swift; path = "SKScene+Extensions.swift"; sourceTree = "<group>"; };
		8F522BF5255F36DD00C58B5E /* CreditsScene.sks */ = {isa = PBXFileReference; lastKnownFileType = file.sks; path = CreditsScene.sks; sourceTree = "<group>"; };
		8F522BFA255F36E700C58B5E /* CreditsScene.swift */ = {isa = PBXFileReference; lastKnownFileType = sourcecode.swift; path = CreditsScene.swift; sourceTree = "<group>"; };
		8F522C21255FC0C600C58B5E /* LaboScene.sks */ = {isa = PBXFileReference; lastKnownFileType = file.sks; path = LaboScene.sks; sourceTree = "<group>"; };
		8F522C26255FC0D100C58B5E /* LaboScene.swift */ = {isa = PBXFileReference; lastKnownFileType = sourcecode.swift; path = LaboScene.swift; sourceTree = "<group>"; };
		8F522C36255FC54000C58B5E /* Conveyor.swift */ = {isa = PBXFileReference; lastKnownFileType = sourcecode.swift; path = Conveyor.swift; sourceTree = "<group>"; };
		8F522C3F255FC84600C58B5E /* Conveyor+SpriteKit.swift */ = {isa = PBXFileReference; lastKnownFileType = sourcecode.swift; path = "Conveyor+SpriteKit.swift"; sourceTree = "<group>"; };
		8F522C482560016600C58B5E /* ParcelNode.swift */ = {isa = PBXFileReference; lastKnownFileType = sourcecode.swift; path = ParcelNode.swift; sourceTree = "<group>"; };
		8F522C4D25600C7D00C58B5E /* MagicParticle.sks */ = {isa = PBXFileReference; lastKnownFileType = file.sks; path = MagicParticle.sks; sourceTree = "<group>"; };
		8F522C4E25600C7D00C58B5E /* Assets.xcassets */ = {isa = PBXFileReference; lastKnownFileType = folder.assetcatalog; path = Assets.xcassets; sourceTree = "<group>"; };
		8F522C5525600EEF00C58B5E /* TargetMode.swift */ = {isa = PBXFileReference; lastKnownFileType = sourcecode.swift; path = TargetMode.swift; sourceTree = "<group>"; };
		8F522C6F25601C1B00C58B5E /* street_sounds.wav */ = {isa = PBXFileReference; lastKnownFileType = audio.wav; path = street_sounds.wav; sourceTree = "<group>"; };
		8F522C8525601DC300C58B5E /* rue paris.wav */ = {isa = PBXFileReference; lastKnownFileType = audio.wav; path = "rue paris.wav"; sourceTree = "<group>"; };
		8F8494EF256021BF004E579C /* MoneyParticle.sks */ = {isa = PBXFileReference; lastKnownFileType = file.sks; path = MoneyParticle.sks; sourceTree = "<group>"; };
		8F8494FA2560250C004E579C /* BloodParticle.sks */ = {isa = PBXFileReference; lastKnownFileType = file.sks; path = BloodParticle.sks; sourceTree = "<group>"; };
		8FCF702A2560A0540075EE68 /* Score.swift */ = {isa = PBXFileReference; lastKnownFileType = sourcecode.swift; path = Score.swift; sourceTree = "<group>"; };
		8FCF70432560BA810075EE68 /* piano-2.mp3 */ = {isa = PBXFileReference; lastKnownFileType = audio.mp3; path = "piano-2.mp3"; sourceTree = "<group>"; };
		8FCF70482560BA880075EE68 /* piano-1.mp3 */ = {isa = PBXFileReference; lastKnownFileType = audio.mp3; path = "piano-1.mp3"; sourceTree = "<group>"; };
		8FCF704F2560C0400075EE68 /* broken gasss.wav */ = {isa = PBXFileReference; lastKnownFileType = audio.wav; path = "broken gasss.wav"; sourceTree = "<group>"; };
		8FCF70542560C1870075EE68 /* bag fall 1.wav */ = {isa = PBXFileReference; lastKnownFileType = audio.wav; path = "bag fall 1.wav"; sourceTree = "<group>"; };
		8FCF70592560C2DC0075EE68 /* pause-convoyeur.wav */ = {isa = PBXFileReference; lastKnownFileType = audio.wav; path = "pause-convoyeur.wav"; sourceTree = "<group>"; };
		8FCF705E2560C3500075EE68 /* bood fall 2.wav */ = {isa = PBXFileReference; lastKnownFileType = audio.wav; path = "bood fall 2.wav"; sourceTree = "<group>"; };
/* End PBXFileReference section */

/* Begin PBXFrameworksBuildPhase section */
		8F522BAD255F234000C58B5E /* Frameworks */ = {
			isa = PBXFrameworksBuildPhase;
			buildActionMask = 2147483647;
			files = (
			);
			runOnlyForDeploymentPostprocessing = 0;
		};
		8F522BBF255F234000C58B5E /* Frameworks */ = {
			isa = PBXFrameworksBuildPhase;
			buildActionMask = 2147483647;
			files = (
			);
			runOnlyForDeploymentPostprocessing = 0;
		};
/* End PBXFrameworksBuildPhase section */

/* Begin PBXGroup section */
		0C187674255F63E400C4AC1F /* PeoplePopper */ = {
			isa = PBXGroup;
			children = (
				0C187675255F63E400C4AC1F /* PeoplePopper.swift */,
				0C187676255F63E400C4AC1F /* PeoplePopper.sks */,
			);
			path = PeoplePopper;
			sourceTree = "<group>";
		};
		0CD6ACAE256062D2000AC3B8 /* MissionSheet */ = {
			isa = PBXGroup;
			children = (
				0CD6ACAF2560630C000AC3B8 /* MissionSheet.sks */,
				0CD6ACB42560634D000AC3B8 /* MissionSheet.swift */,
			);
			path = MissionSheet;
			sourceTree = "<group>";
		};
		8F522BA2255F233F00C58B5E = {
			isa = PBXGroup;
			children = (
				8F522BA7255F233F00C58B5E /* BomBomDev Shared */,
				8F522BB2255F234000C58B5E /* BomBomDev iOS */,
				8F522BC3255F234000C58B5E /* BomBomDev macOS */,
				8F522BB1255F234000C58B5E /* Products */,
			);
			sourceTree = "<group>";
		};
		8F522BA7255F233F00C58B5E /* BomBomDev Shared */ = {
			isa = PBXGroup;
			children = (
				8F522C6D25601C1000C58B5E /* Sounds */,
				8F522C35255FC51C00C58B5E /* Engine */,
				8F522BDF255F239500C58B5E /* Experiments */,
				8F522BA9255F233F00C58B5E /* SplashScreenScene.sks */,
				8F522BAA255F233F00C58B5E /* SplashScreenScene.swift */,
				8F522BAB255F234000C58B5E /* Assets.xcassets */,
				8F522BEF255F2A4100C58B5E /* SKScene+Extensions.swift */,
				0CD6ACC12560824A000AC3B8 /* Texts.strings */,
				0C486C102560AF9B00A5597F /* Constants.swift */,
			);
			path = "BomBomDev Shared";
			sourceTree = "<group>";
		};
		8F522BB1255F234000C58B5E /* Products */ = {
			isa = PBXGroup;
			children = (
				8F522BB0255F234000C58B5E /* BomBomDev.app */,
				8F522BC2255F234000C58B5E /* BomBomDev.app */,
			);
			name = Products;
			sourceTree = "<group>";
		};
		8F522BB2255F234000C58B5E /* BomBomDev iOS */ = {
			isa = PBXGroup;
			children = (
				8F522BB3255F234000C58B5E /* AppDelegate.swift */,
				8F522BB5255F234000C58B5E /* GameViewController.swift */,
				8F522BB7255F234000C58B5E /* Main.storyboard */,
				8F522BBA255F234000C58B5E /* LaunchScreen.storyboard */,
				8F522BBD255F234000C58B5E /* Info.plist */,
			);
			path = "BomBomDev iOS";
			sourceTree = "<group>";
		};
		8F522BC3255F234000C58B5E /* BomBomDev macOS */ = {
			isa = PBXGroup;
			children = (
				8F522BC4255F234000C58B5E /* AppDelegate.swift */,
				8F522BC6255F234000C58B5E /* GameViewController.swift */,
				8F522BC8255F234000C58B5E /* Main.storyboard */,
				8F522BCB255F234000C58B5E /* Info.plist */,
				8F522BCC255F234000C58B5E /* BomBomDev_macOS.entitlements */,
			);
			path = "BomBomDev macOS";
			sourceTree = "<group>";
		};
		8F522BDF255F239500C58B5E /* Experiments */ = {
			isa = PBXGroup;
			children = (
				0CD6ACAE256062D2000AC3B8 /* MissionSheet */,
				8F522C20255FC09800C58B5E /* Labo */,
				0C187674255F63E400C4AC1F /* PeoplePopper */,
				8F522BF4255F36C300C58B5E /* Credits */,
				8F522BE0255F23A100C58B5E /* Boutique */,
			);
			path = Experiments;
			sourceTree = "<group>";
		};
		8F522BE0255F23A100C58B5E /* Boutique */ = {
			isa = PBXGroup;
			children = (
				8F522BE1255F23C000C58B5E /* ExpBoutiqueScene.swift */,
				8F522BE8255F23F000C58B5E /* ExpBoutiqueScene.sks */,
			);
			path = Boutique;
			sourceTree = "<group>";
		};
		8F522BF4255F36C300C58B5E /* Credits */ = {
			isa = PBXGroup;
			children = (
				8F522BF5255F36DD00C58B5E /* CreditsScene.sks */,
				8F522BFA255F36E700C58B5E /* CreditsScene.swift */,
			);
			path = Credits;
			sourceTree = "<group>";
		};
		8F522C20255FC09800C58B5E /* Labo */ = {
			isa = PBXGroup;
			children = (
				8F522C21255FC0C600C58B5E /* LaboScene.sks */,
				8F522C26255FC0D100C58B5E /* LaboScene.swift */,
				8F522C482560016600C58B5E /* ParcelNode.swift */,
				8F522C4D25600C7D00C58B5E /* MagicParticle.sks */,
				8F522C4E25600C7D00C58B5E /* Assets.xcassets */,
				8F522C5525600EEF00C58B5E /* TargetMode.swift */,
				8F8494FA2560250C004E579C /* BloodParticle.sks */,
				8F8494EF256021BF004E579C /* MoneyParticle.sks */,
			);
			path = Labo;
			sourceTree = "<group>";
		};
		8F522C35255FC51C00C58B5E /* Engine */ = {
			isa = PBXGroup;
			children = (
				8F522C36255FC54000C58B5E /* Conveyor.swift */,
				8F522C3F255FC84600C58B5E /* Conveyor+SpriteKit.swift */,
				0CD6ACD025608929000AC3B8 /* Boutique.swift */,
				0CA1122D25603214007F685C /* ResourcesManagement.swift */,
				8FCF702A2560A0540075EE68 /* Score.swift */,
			);
			path = Engine;
			sourceTree = "<group>";
		};
		8F522C6D25601C1000C58B5E /* Sounds */ = {
			isa = PBXGroup;
			children = (
				8FCF70592560C2DC0075EE68 /* pause-convoyeur.wav */,
				8FCF70542560C1870075EE68 /* bag fall 1.wav */,
				8FCF704F2560C0400075EE68 /* broken gasss.wav */,
				8F522C8525601DC300C58B5E /* rue paris.wav */,
				8FCF70432560BA810075EE68 /* piano-2.mp3 */,
				8FCF70482560BA880075EE68 /* piano-1.mp3 */,
				8F522C6F25601C1B00C58B5E /* street_sounds.wav */,
				8FCF705E2560C3500075EE68 /* bood fall 2.wav */,
			);
			path = Sounds;
			sourceTree = "<group>";
		};
/* End PBXGroup section */

/* Begin PBXNativeTarget section */
		8F522BAF255F234000C58B5E /* BomBomDev iOS */ = {
			isa = PBXNativeTarget;
			buildConfigurationList = 8F522BD7255F234000C58B5E /* Build configuration list for PBXNativeTarget "BomBomDev iOS" */;
			buildPhases = (
				8F522BAC255F234000C58B5E /* Sources */,
				8F522BAD255F234000C58B5E /* Frameworks */,
				8F522BAE255F234000C58B5E /* Resources */,
			);
			buildRules = (
			);
			dependencies = (
			);
			name = "BomBomDev iOS";
			productName = "BomBomDev iOS";
			productReference = 8F522BB0255F234000C58B5E /* BomBomDev.app */;
			productType = "com.apple.product-type.application";
		};
		8F522BC1255F234000C58B5E /* BomBomDev macOS */ = {
			isa = PBXNativeTarget;
			buildConfigurationList = 8F522BDA255F234000C58B5E /* Build configuration list for PBXNativeTarget "BomBomDev macOS" */;
			buildPhases = (
				8F522BBE255F234000C58B5E /* Sources */,
				8F522BBF255F234000C58B5E /* Frameworks */,
				8F522BC0255F234000C58B5E /* Resources */,
			);
			buildRules = (
			);
			dependencies = (
			);
			name = "BomBomDev macOS";
			productName = "BomBomDev macOS";
			productReference = 8F522BC2255F234000C58B5E /* BomBomDev.app */;
			productType = "com.apple.product-type.application";
		};
/* End PBXNativeTarget section */

/* Begin PBXProject section */
		8F522BA3255F233F00C58B5E /* Project object */ = {
			isa = PBXProject;
			attributes = {
				LastSwiftUpdateCheck = 1220;
				LastUpgradeCheck = 1220;
				TargetAttributes = {
					8F522BAF255F234000C58B5E = {
						CreatedOnToolsVersion = 12.2;
					};
					8F522BC1255F234000C58B5E = {
						CreatedOnToolsVersion = 12.2;
					};
				};
			};
			buildConfigurationList = 8F522BA6255F233F00C58B5E /* Build configuration list for PBXProject "BomBomDev" */;
			compatibilityVersion = "Xcode 9.3";
			developmentRegion = en;
			hasScannedForEncodings = 0;
			knownRegions = (
				en,
				Base,
			);
			mainGroup = 8F522BA2255F233F00C58B5E;
			productRefGroup = 8F522BB1255F234000C58B5E /* Products */;
			projectDirPath = "";
			projectRoot = "";
			targets = (
				8F522BAF255F234000C58B5E /* BomBomDev iOS */,
				8F522BC1255F234000C58B5E /* BomBomDev macOS */,
			);
		};
/* End PBXProject section */

/* Begin PBXResourcesBuildPhase section */
		8F522BAE255F234000C58B5E /* Resources */ = {
			isa = PBXResourcesBuildPhase;
			buildActionMask = 2147483647;
			files = (
				8F522C22255FC0C600C58B5E /* LaboScene.sks in Resources */,
				8F522C8625601DC300C58B5E /* rue paris.wav in Resources */,
				8F8494F0256021BF004E579C /* MoneyParticle.sks in Resources */,
				8FCF70492560BA880075EE68 /* piano-1.mp3 in Resources */,
				8FCF70552560C1870075EE68 /* bag fall 1.wav in Resources */,
				8F522C4F25600C7D00C58B5E /* MagicParticle.sks in Resources */,
				0CD6ACBE2560824A000AC3B8 /* Texts.strings in Resources */,
				8F522BE9255F23F000C58B5E /* ExpBoutiqueScene.sks in Resources */,
				8F8494FB2560250D004E579C /* BloodParticle.sks in Resources */,
				8F522C7225601C1B00C58B5E /* street_sounds.wav in Resources */,
				8FCF705A2560C2DC0075EE68 /* pause-convoyeur.wav in Resources */,
				8F522BCF255F234000C58B5E /* SplashScreenScene.sks in Resources */,
				8FCF70502560C0400075EE68 /* broken gasss.wav in Resources */,
				8F522C5125600C7D00C58B5E /* Assets.xcassets in Resources */,
				8F522BB9255F234000C58B5E /* Main.storyboard in Resources */,
				0CD6ACB02560630C000AC3B8 /* MissionSheet.sks in Resources */,
				8F522BF6255F36DD00C58B5E /* CreditsScene.sks in Resources */,
				8FCF70442560BA810075EE68 /* piano-2.mp3 in Resources */,
				8FCF705F2560C3500075EE68 /* bood fall 2.wav in Resources */,
				0C187679255F63E400C4AC1F /* PeoplePopper.sks in Resources */,
				8F522BBC255F234000C58B5E /* LaunchScreen.storyboard in Resources */,
				8F522BD3255F234000C58B5E /* Assets.xcassets in Resources */,
			);
			runOnlyForDeploymentPostprocessing = 0;
		};
		8F522BC0255F234000C58B5E /* Resources */ = {
			isa = PBXResourcesBuildPhase;
			buildActionMask = 2147483647;
			files = (
				8F522BCA255F234000C58B5E /* Main.storyboard in Resources */,
				8F522BD0255F234000C58B5E /* SplashScreenScene.sks in Resources */,
				8F8494FC2560250D004E579C /* BloodParticle.sks in Resources */,
				8F522C7325601C1B00C58B5E /* street_sounds.wav in Resources */,
				8FCF70452560BA810075EE68 /* piano-2.mp3 in Resources */,
				8F522BD4255F234000C58B5E /* Assets.xcassets in Resources */,
				8FCF70562560C1870075EE68 /* bag fall 1.wav in Resources */,
				8F522BEA255F23F000C58B5E /* ExpBoutiqueScene.sks in Resources */,
				8F522C23255FC0C600C58B5E /* LaboScene.sks in Resources */,
				8F522C5025600C7D00C58B5E /* MagicParticle.sks in Resources */,
				0CD6ACB12560630C000AC3B8 /* MissionSheet.sks in Resources */,
				8F8494F1256021BF004E579C /* MoneyParticle.sks in Resources */,
				8FCF705B2560C2DC0075EE68 /* pause-convoyeur.wav in Resources */,
				8F522C8725601DC300C58B5E /* rue paris.wav in Resources */,
				0C18767A255F63E400C4AC1F /* PeoplePopper.sks in Resources */,
				8FCF70602560C3500075EE68 /* bood fall 2.wav in Resources */,
				0CD6ACBF2560824A000AC3B8 /* Texts.strings in Resources */,
				8FCF70512560C0400075EE68 /* broken gasss.wav in Resources */,
				8FCF704A2560BA880075EE68 /* piano-1.mp3 in Resources */,
				8F522C5225600C7D00C58B5E /* Assets.xcassets in Resources */,
				8F522BF7255F36DD00C58B5E /* CreditsScene.sks in Resources */,
			);
			runOnlyForDeploymentPostprocessing = 0;
		};
/* End PBXResourcesBuildPhase section */

/* Begin PBXSourcesBuildPhase section */
		8F522BAC255F234000C58B5E /* Sources */ = {
			isa = PBXSourcesBuildPhase;
			buildActionMask = 2147483647;
			files = (
				8FCF702B2560A0540075EE68 /* Score.swift in Sources */,
				0C486C112560AF9B00A5597F /* Constants.swift in Sources */,
				8F522BD1255F234000C58B5E /* SplashScreenScene.swift in Sources */,
				8F522BF0255F2A4100C58B5E /* SKScene+Extensions.swift in Sources */,
				8F522BB6255F234000C58B5E /* GameViewController.swift in Sources */,
				8F522C492560016600C58B5E /* ParcelNode.swift in Sources */,
				0CD6ACD125608929000AC3B8 /* Boutique.swift in Sources */,
				0CD6ACB52560634D000AC3B8 /* MissionSheet.swift in Sources */,
				8F522BE2255F23C000C58B5E /* ExpBoutiqueScene.swift in Sources */,
				8F522C40255FC84600C58B5E /* Conveyor+SpriteKit.swift in Sources */,
				8F522C37255FC54000C58B5E /* Conveyor.swift in Sources */,
				8F522C5625600EEF00C58B5E /* TargetMode.swift in Sources */,
				0C187677255F63E400C4AC1F /* PeoplePopper.swift in Sources */,
				8F522BB4255F234000C58B5E /* AppDelegate.swift in Sources */,
				8F522C27255FC0D100C58B5E /* LaboScene.swift in Sources */,
				8F522BFB255F36E700C58B5E /* CreditsScene.swift in Sources */,
				0CA1122E25603214007F685C /* ResourcesManagement.swift in Sources */,
			);
			runOnlyForDeploymentPostprocessing = 0;
		};
		8F522BBE255F234000C58B5E /* Sources */ = {
			isa = PBXSourcesBuildPhase;
			buildActionMask = 2147483647;
			files = (
				8FCF702C2560A0540075EE68 /* Score.swift in Sources */,
				0C486C122560AF9B00A5597F /* Constants.swift in Sources */,
				8F522BD2255F234000C58B5E /* SplashScreenScene.swift in Sources */,
				8F522BF1255F2A4100C58B5E /* SKScene+Extensions.swift in Sources */,
				8F522BC7255F234000C58B5E /* GameViewController.swift in Sources */,
				8F522C4A2560016600C58B5E /* ParcelNode.swift in Sources */,
				0CD6ACD225608929000AC3B8 /* Boutique.swift in Sources */,
				0CD6ACB62560634D000AC3B8 /* MissionSheet.swift in Sources */,
				8F522C6825601ABE00C58B5E /* PeoplePopper.swift in Sources */,
				8F522BE3255F23C000C58B5E /* ExpBoutiqueScene.swift in Sources */,
				8F522C41255FC84600C58B5E /* Conveyor+SpriteKit.swift in Sources */,
				8F522C38255FC54000C58B5E /* Conveyor.swift in Sources */,
				8F522C5725600EEF00C58B5E /* TargetMode.swift in Sources */,
				8F522BC5255F234000C58B5E /* AppDelegate.swift in Sources */,
				8F522C28255FC0D100C58B5E /* LaboScene.swift in Sources */,
				8F522BFC255F36E700C58B5E /* CreditsScene.swift in Sources */,
				0CA1122F25603214007F685C /* ResourcesManagement.swift in Sources */,
			);
			runOnlyForDeploymentPostprocessing = 0;
		};
/* End PBXSourcesBuildPhase section */

/* Begin PBXVariantGroup section */
		0CD6ACC12560824A000AC3B8 /* Texts.strings */ = {
			isa = PBXVariantGroup;
			children = (
				0CD6ACC02560824A000AC3B8 /* en */,
			);
			name = Texts.strings;
			sourceTree = "<group>";
		};
		8F522BB7255F234000C58B5E /* Main.storyboard */ = {
			isa = PBXVariantGroup;
			children = (
				8F522BB8255F234000C58B5E /* Base */,
			);
			name = Main.storyboard;
			sourceTree = "<group>";
		};
		8F522BBA255F234000C58B5E /* LaunchScreen.storyboard */ = {
			isa = PBXVariantGroup;
			children = (
				8F522BBB255F234000C58B5E /* Base */,
			);
			name = LaunchScreen.storyboard;
			sourceTree = "<group>";
		};
		8F522BC8255F234000C58B5E /* Main.storyboard */ = {
			isa = PBXVariantGroup;
			children = (
				8F522BC9255F234000C58B5E /* Base */,
			);
			name = Main.storyboard;
			sourceTree = "<group>";
		};
/* End PBXVariantGroup section */

/* Begin XCBuildConfiguration section */
		8F522BD5255F234000C58B5E /* Debug */ = {
			isa = XCBuildConfiguration;
			buildSettings = {
				ALWAYS_SEARCH_USER_PATHS = NO;
				CLANG_ANALYZER_NONNULL = YES;
				CLANG_ANALYZER_NUMBER_OBJECT_CONVERSION = YES_AGGRESSIVE;
				CLANG_CXX_LANGUAGE_STANDARD = "gnu++14";
				CLANG_CXX_LIBRARY = "libc++";
				CLANG_ENABLE_MODULES = YES;
				CLANG_ENABLE_OBJC_ARC = YES;
				CLANG_ENABLE_OBJC_WEAK = YES;
				CLANG_WARN_BLOCK_CAPTURE_AUTORELEASING = YES;
				CLANG_WARN_BOOL_CONVERSION = YES;
				CLANG_WARN_COMMA = YES;
				CLANG_WARN_CONSTANT_CONVERSION = YES;
				CLANG_WARN_DEPRECATED_OBJC_IMPLEMENTATIONS = YES;
				CLANG_WARN_DIRECT_OBJC_ISA_USAGE = YES_ERROR;
				CLANG_WARN_DOCUMENTATION_COMMENTS = YES;
				CLANG_WARN_EMPTY_BODY = YES;
				CLANG_WARN_ENUM_CONVERSION = YES;
				CLANG_WARN_INFINITE_RECURSION = YES;
				CLANG_WARN_INT_CONVERSION = YES;
				CLANG_WARN_NON_LITERAL_NULL_CONVERSION = YES;
				CLANG_WARN_OBJC_IMPLICIT_RETAIN_SELF = YES;
				CLANG_WARN_OBJC_LITERAL_CONVERSION = YES;
				CLANG_WARN_OBJC_ROOT_CLASS = YES_ERROR;
				CLANG_WARN_QUOTED_INCLUDE_IN_FRAMEWORK_HEADER = YES;
				CLANG_WARN_RANGE_LOOP_ANALYSIS = YES;
				CLANG_WARN_STRICT_PROTOTYPES = YES;
				CLANG_WARN_SUSPICIOUS_MOVE = YES;
				CLANG_WARN_UNGUARDED_AVAILABILITY = YES_AGGRESSIVE;
				CLANG_WARN_UNREACHABLE_CODE = YES;
				CLANG_WARN__DUPLICATE_METHOD_MATCH = YES;
				COPY_PHASE_STRIP = NO;
				DEBUG_INFORMATION_FORMAT = dwarf;
				ENABLE_STRICT_OBJC_MSGSEND = YES;
				ENABLE_TESTABILITY = YES;
				GCC_C_LANGUAGE_STANDARD = gnu11;
				GCC_DYNAMIC_NO_PIC = NO;
				GCC_NO_COMMON_BLOCKS = YES;
				GCC_OPTIMIZATION_LEVEL = 0;
				GCC_PREPROCESSOR_DEFINITIONS = (
					"DEBUG=1",
					"$(inherited)",
				);
				GCC_WARN_64_TO_32_BIT_CONVERSION = YES;
				GCC_WARN_ABOUT_RETURN_TYPE = YES_ERROR;
				GCC_WARN_UNDECLARED_SELECTOR = YES;
				GCC_WARN_UNINITIALIZED_AUTOS = YES_AGGRESSIVE;
				GCC_WARN_UNUSED_FUNCTION = YES;
				GCC_WARN_UNUSED_VARIABLE = YES;
				MTL_ENABLE_DEBUG_INFO = INCLUDE_SOURCE;
				MTL_FAST_MATH = YES;
				ONLY_ACTIVE_ARCH = YES;
				SWIFT_ACTIVE_COMPILATION_CONDITIONS = DEBUG;
				SWIFT_OPTIMIZATION_LEVEL = "-Onone";
			};
			name = Debug;
		};
		8F522BD6255F234000C58B5E /* Release */ = {
			isa = XCBuildConfiguration;
			buildSettings = {
				ALWAYS_SEARCH_USER_PATHS = NO;
				CLANG_ANALYZER_NONNULL = YES;
				CLANG_ANALYZER_NUMBER_OBJECT_CONVERSION = YES_AGGRESSIVE;
				CLANG_CXX_LANGUAGE_STANDARD = "gnu++14";
				CLANG_CXX_LIBRARY = "libc++";
				CLANG_ENABLE_MODULES = YES;
				CLANG_ENABLE_OBJC_ARC = YES;
				CLANG_ENABLE_OBJC_WEAK = YES;
				CLANG_WARN_BLOCK_CAPTURE_AUTORELEASING = YES;
				CLANG_WARN_BOOL_CONVERSION = YES;
				CLANG_WARN_COMMA = YES;
				CLANG_WARN_CONSTANT_CONVERSION = YES;
				CLANG_WARN_DEPRECATED_OBJC_IMPLEMENTATIONS = YES;
				CLANG_WARN_DIRECT_OBJC_ISA_USAGE = YES_ERROR;
				CLANG_WARN_DOCUMENTATION_COMMENTS = YES;
				CLANG_WARN_EMPTY_BODY = YES;
				CLANG_WARN_ENUM_CONVERSION = YES;
				CLANG_WARN_INFINITE_RECURSION = YES;
				CLANG_WARN_INT_CONVERSION = YES;
				CLANG_WARN_NON_LITERAL_NULL_CONVERSION = YES;
				CLANG_WARN_OBJC_IMPLICIT_RETAIN_SELF = YES;
				CLANG_WARN_OBJC_LITERAL_CONVERSION = YES;
				CLANG_WARN_OBJC_ROOT_CLASS = YES_ERROR;
				CLANG_WARN_QUOTED_INCLUDE_IN_FRAMEWORK_HEADER = YES;
				CLANG_WARN_RANGE_LOOP_ANALYSIS = YES;
				CLANG_WARN_STRICT_PROTOTYPES = YES;
				CLANG_WARN_SUSPICIOUS_MOVE = YES;
				CLANG_WARN_UNGUARDED_AVAILABILITY = YES_AGGRESSIVE;
				CLANG_WARN_UNREACHABLE_CODE = YES;
				CLANG_WARN__DUPLICATE_METHOD_MATCH = YES;
				COPY_PHASE_STRIP = NO;
				DEBUG_INFORMATION_FORMAT = "dwarf-with-dsym";
				ENABLE_NS_ASSERTIONS = NO;
				ENABLE_STRICT_OBJC_MSGSEND = YES;
				GCC_C_LANGUAGE_STANDARD = gnu11;
				GCC_NO_COMMON_BLOCKS = YES;
				GCC_WARN_64_TO_32_BIT_CONVERSION = YES;
				GCC_WARN_ABOUT_RETURN_TYPE = YES_ERROR;
				GCC_WARN_UNDECLARED_SELECTOR = YES;
				GCC_WARN_UNINITIALIZED_AUTOS = YES_AGGRESSIVE;
				GCC_WARN_UNUSED_FUNCTION = YES;
				GCC_WARN_UNUSED_VARIABLE = YES;
				MTL_ENABLE_DEBUG_INFO = NO;
				MTL_FAST_MATH = YES;
				SWIFT_COMPILATION_MODE = wholemodule;
				SWIFT_OPTIMIZATION_LEVEL = "-O";
			};
			name = Release;
		};
		8F522BD8255F234000C58B5E /* Debug */ = {
			isa = XCBuildConfiguration;
			buildSettings = {
				ASSETCATALOG_COMPILER_APPICON_NAME = AppIcon;
				ASSETCATALOG_COMPILER_GLOBAL_ACCENT_COLOR_NAME = AccentColor;
				CODE_SIGN_STYLE = Automatic;
				DEVELOPMENT_TEAM = AKUPQLPX29;
				INFOPLIST_FILE = "BomBomDev iOS/Info.plist";
				IPHONEOS_DEPLOYMENT_TARGET = 14.2;
				LD_RUNPATH_SEARCH_PATHS = (
					"$(inherited)",
					"@executable_path/Frameworks",
				);
				PRODUCT_BUNDLE_IDENTIFIER = com.example.BomBomDev;
				PRODUCT_NAME = BomBomDev;
				SDKROOT = iphoneos;
				SWIFT_VERSION = 5.0;
				TARGETED_DEVICE_FAMILY = "1,2";
			};
			name = Debug;
		};
		8F522BD9255F234000C58B5E /* Release */ = {
			isa = XCBuildConfiguration;
			buildSettings = {
				ASSETCATALOG_COMPILER_APPICON_NAME = AppIcon;
				ASSETCATALOG_COMPILER_GLOBAL_ACCENT_COLOR_NAME = AccentColor;
				CODE_SIGN_STYLE = Automatic;
				DEVELOPMENT_TEAM = AKUPQLPX29;
				INFOPLIST_FILE = "BomBomDev iOS/Info.plist";
				IPHONEOS_DEPLOYMENT_TARGET = 14.2;
				LD_RUNPATH_SEARCH_PATHS = (
					"$(inherited)",
					"@executable_path/Frameworks",
				);
				PRODUCT_BUNDLE_IDENTIFIER = com.example.BomBomDev;
				PRODUCT_NAME = BomBomDev;
				SDKROOT = iphoneos;
				SWIFT_VERSION = 5.0;
				TARGETED_DEVICE_FAMILY = "1,2";
				VALIDATE_PRODUCT = YES;
			};
			name = Release;
		};
		8F522BDB255F234000C58B5E /* Debug */ = {
			isa = XCBuildConfiguration;
			buildSettings = {
				ASSETCATALOG_COMPILER_APPICON_NAME = AppIcon;
				ASSETCATALOG_COMPILER_GLOBAL_ACCENT_COLOR_NAME = AccentColor;
				CODE_SIGN_ENTITLEMENTS = "BomBomDev macOS/BomBomDev_macOS.entitlements";
				CODE_SIGN_IDENTITY = "Apple Development";
				CODE_SIGN_STYLE = Automatic;
				COMBINE_HIDPI_IMAGES = YES;
				DEVELOPMENT_TEAM = G75DLW32M2;
				INFOPLIST_FILE = "BomBomDev macOS/Info.plist";
				LD_RUNPATH_SEARCH_PATHS = (
					"$(inherited)",
					"@executable_path/../Frameworks",
				);
				MACOSX_DEPLOYMENT_TARGET = 11;
				PRODUCT_BUNDLE_IDENTIFIER = com.example.BomBomDev;
				PRODUCT_NAME = BomBomDev;
				SDKROOT = macosx;
				SWIFT_VERSION = 5.0;
			};
			name = Debug;
		};
		8F522BDC255F234000C58B5E /* Release */ = {
			isa = XCBuildConfiguration;
			buildSettings = {
				ASSETCATALOG_COMPILER_APPICON_NAME = AppIcon;
				ASSETCATALOG_COMPILER_GLOBAL_ACCENT_COLOR_NAME = AccentColor;
				CODE_SIGN_ENTITLEMENTS = "BomBomDev macOS/BomBomDev_macOS.entitlements";
				CODE_SIGN_IDENTITY = "Apple Development";
				CODE_SIGN_STYLE = Automatic;
				COMBINE_HIDPI_IMAGES = YES;
				DEVELOPMENT_TEAM = G75DLW32M2;
				INFOPLIST_FILE = "BomBomDev macOS/Info.plist";
				LD_RUNPATH_SEARCH_PATHS = (
					"$(inherited)",
					"@executable_path/../Frameworks",
				);
				MACOSX_DEPLOYMENT_TARGET = 11;
				PRODUCT_BUNDLE_IDENTIFIER = com.example.BomBomDev;
				PRODUCT_NAME = BomBomDev;
				SDKROOT = macosx;
				SWIFT_VERSION = 5.0;
			};
			name = Release;
		};
/* End XCBuildConfiguration section */

/* Begin XCConfigurationList section */
		8F522BA6255F233F00C58B5E /* Build configuration list for PBXProject "BomBomDev" */ = {
			isa = XCConfigurationList;
			buildConfigurations = (
				8F522BD5255F234000C58B5E /* Debug */,
				8F522BD6255F234000C58B5E /* Release */,
			);
			defaultConfigurationIsVisible = 0;
			defaultConfigurationName = Release;
		};
		8F522BD7255F234000C58B5E /* Build configuration list for PBXNativeTarget "BomBomDev iOS" */ = {
			isa = XCConfigurationList;
			buildConfigurations = (
				8F522BD8255F234000C58B5E /* Debug */,
				8F522BD9255F234000C58B5E /* Release */,
			);
			defaultConfigurationIsVisible = 0;
			defaultConfigurationName = Release;
		};
		8F522BDA255F234000C58B5E /* Build configuration list for PBXNativeTarget "BomBomDev macOS" */ = {
			isa = XCConfigurationList;
			buildConfigurations = (
				8F522BDB255F234000C58B5E /* Debug */,
				8F522BDC255F234000C58B5E /* Release */,
			);
			defaultConfigurationIsVisible = 0;
			defaultConfigurationName = Release;
		};
/* End XCConfigurationList section */
	};
	rootObject = 8F522BA3255F233F00C58B5E /* Project object */;
}
